
Microsoft Visual Studio Solution File, Format Version 12.00
# Visual Studio Version 16
VisualStudioVersion = 16.0.31019.35
MinimumVisualStudioVersion = 15.0.26124.0
Project("{2150E333-8FDC-42A3-9474-1A3956D46DE8}") = "domain", "domain", "{491FC87C-5431-4992-AC3A-1B0D187D2239}"
EndProject
Project("{9A19103F-16F7-4668-BE54-9A1E7A4F7556}") = "Store", "domain\Store\Store.csproj", "{D73BE726-3309-445A-A393-E963524E3376}"
EndProject
Project("{2150E333-8FDC-42A3-9474-1A3956D46DE8}") = "infastructure", "infastructure", "{54AA3252-A993-4042-994C-35580285558A}"
EndProject
Project("{9A19103F-16F7-4668-BE54-9A1E7A4F7556}") = "Store.Memory", "infastructure\Store.Memory\Store.Memory.csproj", "{54117668-071A-4D65-866F-719E79BE38C8}"
EndProject
Project("{2150E333-8FDC-42A3-9474-1A3956D46DE8}") = "Presentation", "Presentation", "{0725BD25-4B0B-4B32-AFFE-3505A4C7BC2E}"
EndProject
Project("{FAE04EC0-301F-11D3-BF4B-00C04F79EFBC}") = "Store.Web", "Presentation\Store.Web\Store.Web.csproj", "{AA8A9435-2297-45AF-9482-34D0A48C8041}"
EndProject
Global
	GlobalSection(SolutionConfigurationPlatforms) = preSolution
		Debug|Any CPU = Debug|Any CPU
		Debug|x64 = Debug|x64
		Debug|x86 = Debug|x86
		Release|Any CPU = Release|Any CPU
		Release|x64 = Release|x64
		Release|x86 = Release|x86
	EndGlobalSection
	GlobalSection(ProjectConfigurationPlatforms) = postSolution
		{D73BE726-3309-445A-A393-E963524E3376}.Debug|Any CPU.ActiveCfg = Debug|Any CPU
		{D73BE726-3309-445A-A393-E963524E3376}.Debug|Any CPU.Build.0 = Debug|Any CPU
		{D73BE726-3309-445A-A393-E963524E3376}.Debug|x64.ActiveCfg = Debug|Any CPU
		{D73BE726-3309-445A-A393-E963524E3376}.Debug|x64.Build.0 = Debug|Any CPU
		{D73BE726-3309-445A-A393-E963524E3376}.Debug|x86.ActiveCfg = Debug|Any CPU
		{D73BE726-3309-445A-A393-E963524E3376}.Debug|x86.Build.0 = Debug|Any CPU
		{D73BE726-3309-445A-A393-E963524E3376}.Release|Any CPU.ActiveCfg = Release|Any CPU
		{D73BE726-3309-445A-A393-E963524E3376}.Release|Any CPU.Build.0 = Release|Any CPU
		{D73BE726-3309-445A-A393-E963524E3376}.Release|x64.ActiveCfg = Release|Any CPU
		{D73BE726-3309-445A-A393-E963524E3376}.Release|x64.Build.0 = Release|Any CPU
		{D73BE726-3309-445A-A393-E963524E3376}.Release|x86.ActiveCfg = Release|Any CPU
		{D73BE726-3309-445A-A393-E963524E3376}.Release|x86.Build.0 = Release|Any CPU
		{54117668-071A-4D65-866F-719E79BE38C8}.Debug|Any CPU.ActiveCfg = Debug|Any CPU
		{54117668-071A-4D65-866F-719E79BE38C8}.Debug|Any CPU.Build.0 = Debug|Any CPU
		{54117668-071A-4D65-866F-719E79BE38C8}.Debug|x64.ActiveCfg = Debug|Any CPU
		{54117668-071A-4D65-866F-719E79BE38C8}.Debug|x64.Build.0 = Debug|Any CPU
		{54117668-071A-4D65-866F-719E79BE38C8}.Debug|x86.ActiveCfg = Debug|Any CPU
		{54117668-071A-4D65-866F-719E79BE38C8}.Debug|x86.Build.0 = Debug|Any CPU
		{54117668-071A-4D65-866F-719E79BE38C8}.Release|Any CPU.ActiveCfg = Release|Any CPU
		{54117668-071A-4D65-866F-719E79BE38C8}.Release|Any CPU.Build.0 = Release|Any CPU
		{54117668-071A-4D65-866F-719E79BE38C8}.Release|x64.ActiveCfg = Release|Any CPU
		{54117668-071A-4D65-866F-719E79BE38C8}.Release|x64.Build.0 = Release|Any CPU
		{54117668-071A-4D65-866F-719E79BE38C8}.Release|x86.ActiveCfg = Release|Any CPU
		{54117668-071A-4D65-866F-719E79BE38C8}.Release|x86.Build.0 = Release|Any CPU
		{AA8A9435-2297-45AF-9482-34D0A48C8041}.Debug|Any CPU.ActiveCfg = Debug|Any CPU
		{AA8A9435-2297-45AF-9482-34D0A48C8041}.Debug|Any CPU.Build.0 = Debug|Any CPU
		{AA8A9435-2297-45AF-9482-34D0A48C8041}.Debug|x64.ActiveCfg = Debug|Any CPU
		{AA8A9435-2297-45AF-9482-34D0A48C8041}.Debug|x64.Build.0 = Debug|Any CPU
		{AA8A9435-2297-45AF-9482-34D0A48C8041}.Debug|x86.ActiveCfg = Debug|Any CPU
		{AA8A9435-2297-45AF-9482-34D0A48C8041}.Debug|x86.Build.0 = Debug|Any CPU
		{AA8A9435-2297-45AF-9482-34D0A48C8041}.Release|Any CPU.ActiveCfg = Release|Any CPU
		{AA8A9435-2297-45AF-9482-34D0A48C8041}.Release|Any CPU.Build.0 = Release|Any CPU
		{AA8A9435-2297-45AF-9482-34D0A48C8041}.Release|x64.ActiveCfg = Release|Any CPU
		{AA8A9435-2297-45AF-9482-34D0A48C8041}.Release|x64.Build.0 = Release|Any CPU
		{AA8A9435-2297-45AF-9482-34D0A48C8041}.Release|x86.ActiveCfg = Release|Any CPU
		{AA8A9435-2297-45AF-9482-34D0A48C8041}.Release|x86.Build.0 = Release|Any CPU
	EndGlobalSection
	GlobalSection(SolutionProperties) = preSolution
		HideSolutionNode = FALSE
	EndGlobalSection
	GlobalSection(NestedProjects) = preSolution
		{D73BE726-3309-445A-A393-E963524E3376} = {491FC87C-5431-4992-AC3A-1B0D187D2239}
		{54117668-071A-4D65-866F-719E79BE38C8} = {54AA3252-A993-4042-994C-35580285558A}
		{AA8A9435-2297-45AF-9482-34D0A48C8041} = {0725BD25-4B0B-4B32-AFFE-3505A4C7BC2E}
	EndGlobalSection
	GlobalSection(ExtensibilityGlobals) = postSolution
		SolutionGuid = {5D482406-2B15-49CB-8045-EEE5D156DEEB}
	EndGlobalSection
EndGlobal
